
Microsoft Visual Studio Solution File, Format Version 12.00
# Visual Studio Version 16
VisualStudioVersion = 16.0.30709.64
MinimumVisualStudioVersion = 10.0.40219.1
Project("{9A19103F-16F7-4668-BE54-9A1E7A4F7556}") = "AdventOfCode2020.ConsoleApp", "src\AdventOfCode2020.Console\AdventOfCode2020.ConsoleApp.csproj", "{2A2BD19E-404F-4E6E-9AFA-6BE1F7A4CCAE}"
EndProject
Project("{2150E333-8FDC-42A3-9474-1A3956D46DE8}") = "Solution Items", "Solution Items", "{4E784F87-08B4-424A-8CF5-B1C88539A800}"
	ProjectSection(SolutionItems) = preProject
		.editorconfig = .editorconfig
		.gitignore = .gitignore
		Directory.Build.props = Directory.Build.props
		LICENSE = LICENSE
		THIRD-PARTY-NOTICES.txt = THIRD-PARTY-NOTICES.txt
	EndProjectSection
EndProject
Project("{FAE04EC0-301F-11D3-BF4B-00C04F79EFBC}") = "AdventOfCode2020.Tests", "src\AdventOfCode2020.Tests\AdventOfCode2020.Tests.csproj", "{31082434-261B-4B44-8496-38BF576FBE07}"
EndProject
Project("{FAE04EC0-301F-11D3-BF4B-00C04F79EFBC}") = "AdventOfCode2020.Puzzles", "src\AdventOfCode2020.Puzzles\AdventOfCode2020.Puzzles.csproj", "{35376BCE-BCED-4ABD-9652-9095FD7735AD}"
EndProject
Global
	GlobalSection(SolutionConfigurationPlatforms) = preSolution
		Debug|Any CPU = Debug|Any CPU
		Release|Any CPU = Release|Any CPU
	EndGlobalSection
	GlobalSection(ProjectConfigurationPlatforms) = postSolution
		{2A2BD19E-404F-4E6E-9AFA-6BE1F7A4CCAE}.Debug|Any CPU.ActiveCfg = Debug|Any CPU
		{2A2BD19E-404F-4E6E-9AFA-6BE1F7A4CCAE}.Debug|Any CPU.Build.0 = Debug|Any CPU
		{2A2BD19E-404F-4E6E-9AFA-6BE1F7A4CCAE}.Release|Any CPU.ActiveCfg = Release|Any CPU
		{2A2BD19E-404F-4E6E-9AFA-6BE1F7A4CCAE}.Release|Any CPU.Build.0 = Release|Any CPU
		{31082434-261B-4B44-8496-38BF576FBE07}.Debug|Any CPU.ActiveCfg = Debug|Any CPU
		{31082434-261B-4B44-8496-38BF576FBE07}.Debug|Any CPU.Build.0 = Debug|Any CPU
		{31082434-261B-4B44-8496-38BF576FBE07}.Release|Any CPU.ActiveCfg = Release|Any CPU
		{31082434-261B-4B44-8496-38BF576FBE07}.Release|Any CPU.Build.0 = Release|Any CPU
		{35376BCE-BCED-4ABD-9652-9095FD7735AD}.Debug|Any CPU.ActiveCfg = Debug|Any CPU
		{35376BCE-BCED-4ABD-9652-9095FD7735AD}.Debug|Any CPU.Build.0 = Debug|Any CPU
		{35376BCE-BCED-4ABD-9652-9095FD7735AD}.Release|Any CPU.ActiveCfg = Release|Any CPU
		{35376BCE-BCED-4ABD-9652-9095FD7735AD}.Release|Any CPU.Build.0 = Release|Any CPU
	EndGlobalSection
	GlobalSection(SolutionProperties) = preSolution
		HideSolutionNode = FALSE
	EndGlobalSection
	GlobalSection(ExtensibilityGlobals) = postSolution
		SolutionGuid = {136AAA9F-BFD3-43BB-A660-72A64286F55E}
	EndGlobalSection
EndGlobal
